
Microsoft Visual Studio Solution File, Format Version 12.00
# Visual Studio Version 17
VisualStudioVersion = 17.5.33516.290
MinimumVisualStudioVersion = 10.0.40219.1
Project("{8BC9CEB8-8B4A-11D0-8D11-00A0C91BC942}") = "035", "035.vcxproj", "{5EC1B4D9-54B4-48AD-B057-548EA05C571B}"
EndProject
Global
	GlobalSection(SolutionConfigurationPlatforms) = preSolution
		Debug|x64 = Debug|x64
		Debug|x86 = Debug|x86
		Release|x64 = Release|x64
		Release|x86 = Release|x86
	EndGlobalSection
	GlobalSection(ProjectConfigurationPlatforms) = postSolution
		{5EC1B4D9-54B4-48AD-B057-548EA05C571B}.Debug|x64.ActiveCfg = Debug|x64
		{5EC1B4D9-54B4-48AD-B057-548EA05C571B}.Debug|x64.Build.0 = Debug|x64
		{5EC1B4D9-54B4-48AD-B057-548EA05C571B}.Debug|x86.ActiveCfg = Debug|Win32
		{5EC1B4D9-54B4-48AD-B057-548EA05C571B}.Debug|x86.Build.0 = Debug|Win32
		{5EC1B4D9-54B4-48AD-B057-548EA05C571B}.Release|x64.ActiveCfg = Release|x64
		{5EC1B4D9-54B4-48AD-B057-548EA05C571B}.Release|x64.Build.0 = Release|x64
		{5EC1B4D9-54B4-48AD-B057-548EA05C571B}.Release|x86.ActiveCfg = Release|Win32
		{5EC1B4D9-54B4-48AD-B057-548EA05C571B}.Release|x86.Build.0 = Release|Win32
	EndGlobalSection
	GlobalSection(SolutionProperties) = preSolution
		HideSolutionNode = FALSE
	EndGlobalSection
	GlobalSection(ExtensibilityGlobals) = postSolution
		SolutionGuid = {26BDFFDE-786E-4AAD-96B0-E0E39B5FAA2C}
	EndGlobalSection
EndGlobal
